
Microsoft Visual Studio Solution File, Format Version 12.00
# Visual Studio Version 17
VisualStudioVersion = 17.0.32112.339
MinimumVisualStudioVersion = 10.0.40219.1
Project("{FAE04EC0-301F-11D3-BF4B-00C04F79EFBC}") = "3033_1_HW2_FenixStrickland", "3033_1_HW2_FenixStrickland\3033_1_HW2_FenixStrickland.csproj", "{B2A8EC42-7215-409A-8923-3CA0C6D1742A}"
EndProject
Project("{FAE04EC0-301F-11D3-BF4B-00C04F79EFBC}") = "Task2", "Task2\Task2.csproj", "{7370B05D-35BA-4A9D-A527-0D9BB24531EF}"
EndProject
Project("{FAE04EC0-301F-11D3-BF4B-00C04F79EFBC}") = "Task 3", "Task 3\Task 3.csproj", "{7777BEDC-F505-47D7-B1EF-C816875B7D31}"
EndProject
Global
	GlobalSection(SolutionConfigurationPlatforms) = preSolution
		Debug|Any CPU = Debug|Any CPU
		Release|Any CPU = Release|Any CPU
	EndGlobalSection
	GlobalSection(ProjectConfigurationPlatforms) = postSolution
		{B2A8EC42-7215-409A-8923-3CA0C6D1742A}.Debug|Any CPU.ActiveCfg = Debug|Any CPU
		{B2A8EC42-7215-409A-8923-3CA0C6D1742A}.Debug|Any CPU.Build.0 = Debug|Any CPU
		{B2A8EC42-7215-409A-8923-3CA0C6D1742A}.Release|Any CPU.ActiveCfg = Release|Any CPU
		{B2A8EC42-7215-409A-8923-3CA0C6D1742A}.Release|Any CPU.Build.0 = Release|Any CPU
		{7370B05D-35BA-4A9D-A527-0D9BB24531EF}.Debug|Any CPU.ActiveCfg = Debug|Any CPU
		{7370B05D-35BA-4A9D-A527-0D9BB24531EF}.Debug|Any CPU.Build.0 = Debug|Any CPU
		{7370B05D-35BA-4A9D-A527-0D9BB24531EF}.Release|Any CPU.ActiveCfg = Release|Any CPU
		{7370B05D-35BA-4A9D-A527-0D9BB24531EF}.Release|Any CPU.Build.0 = Release|Any CPU
		{7777BEDC-F505-47D7-B1EF-C816875B7D31}.Debug|Any CPU.ActiveCfg = Debug|Any CPU
		{7777BEDC-F505-47D7-B1EF-C816875B7D31}.Debug|Any CPU.Build.0 = Debug|Any CPU
		{7777BEDC-F505-47D7-B1EF-C816875B7D31}.Release|Any CPU.ActiveCfg = Release|Any CPU
		{7777BEDC-F505-47D7-B1EF-C816875B7D31}.Release|Any CPU.Build.0 = Release|Any CPU
	EndGlobalSection
	GlobalSection(SolutionProperties) = preSolution
		HideSolutionNode = FALSE
	EndGlobalSection
	GlobalSection(ExtensibilityGlobals) = postSolution
		SolutionGuid = {8B8C7961-0D52-475B-B0E0-3A99C544EF8A}
	EndGlobalSection
EndGlobal
